
Microsoft Visual Studio Solution File, Format Version 12.00
# Visual Studio 15
VisualStudioVersion = 15.0.26228.4
MinimumVisualStudioVersion = 10.0.40219.1
Project("{FAE04EC0-301F-11D3-BF4B-00C04F79EFBC}") = "Buy.com", "Buy.com\Buy.com.csproj", "{1F2D053A-8905-478A-BB78-3E2DCFA173C5}"
EndProject
Project("{FAE04EC0-301F-11D3-BF4B-00C04F79EFBC}") = "CristalReportLib", "CristalReportLib\CristalReportLib.csproj", "{AB754704-1177-41A1-AD01-11EF76ED696D}"
EndProject
Global
	GlobalSection(SolutionConfigurationPlatforms) = preSolution
		Debug|Any CPU = Debug|Any CPU
		Release|Any CPU = Release|Any CPU
	EndGlobalSection
	GlobalSection(ProjectConfigurationPlatforms) = postSolution
		{1F2D053A-8905-478A-BB78-3E2DCFA173C5}.Debug|Any CPU.ActiveCfg = Debug|Any CPU
		{1F2D053A-8905-478A-BB78-3E2DCFA173C5}.Debug|Any CPU.Build.0 = Debug|Any CPU
		{1F2D053A-8905-478A-BB78-3E2DCFA173C5}.Release|Any CPU.ActiveCfg = Release|Any CPU
		{1F2D053A-8905-478A-BB78-3E2DCFA173C5}.Release|Any CPU.Build.0 = Release|Any CPU
		{AB754704-1177-41A1-AD01-11EF76ED696D}.Debug|Any CPU.ActiveCfg = Debug|Any CPU
		{AB754704-1177-41A1-AD01-11EF76ED696D}.Debug|Any CPU.Build.0 = Debug|Any CPU
		{AB754704-1177-41A1-AD01-11EF76ED696D}.Release|Any CPU.ActiveCfg = Release|Any CPU
		{AB754704-1177-41A1-AD01-11EF76ED696D}.Release|Any CPU.Build.0 = Release|Any CPU
	EndGlobalSection
	GlobalSection(SolutionProperties) = preSolution
		HideSolutionNode = FALSE
	EndGlobalSection
	GlobalSection(ExtensibilityGlobals) = postSolution
		SolutionGuid = {E6B0D7F2-A984-40EF-8934-E5C2BD65E85F}
	EndGlobalSection
EndGlobal
